PODS:
  - Nimble (4.0.1)
  - Quick (0.9.2)
  - QuickTableViewController (0.3.0)

DEPENDENCIES:
  - Nimble
  - Quick
  - QuickTableViewController (from `./`)

EXTERNAL SOURCES:
  QuickTableViewController:
    :path: "./"

SPEC CHECKSUMS:
  Nimble: 0f3c8b8b084cda391209c3c5efbb48bedeeb920a
  Quick: 18d057bc66451eedd5d1c8dc99ba2a5db6e60226
  QuickTableViewController: bc76620e7c3b7dbc283c92ca494c72622df22fc7

PODFILE CHECKSUM: 2e6711ef2197b54538ecfefba7231e1b4cc37455

COCOAPODS: 1.0.1
